
Microsoft Visual Studio Solution File, Format Version 12.00
# Visual Studio 15
VisualStudioVersion = 15.0.26124.0
MinimumVisualStudioVersion = 15.0.26124.0
Project("{FAE04EC0-301F-11D3-BF4B-00C04F79EFBC}") = "PL_BI", "PL_BI\PL_BI.csproj", "{1C4A15C9-E437-4574-A44C-5EAC93AC023E}"
EndProject
Project("{FAE04EC0-301F-11D3-BF4B-00C04F79EFBC}") = "PL_LIBRARY", "PL_LIBRARY\PL_LIBRARY.csproj", "{09B7BA06-7D1D-43CE-BE40-71CAE160E372}"
EndProject
Project("{FAE04EC0-301F-11D3-BF4B-00C04F79EFBC}") = "PL_ORDER", "PL_ORDER\PL_ORDER.csproj", "{362B9C4E-8580-4DE5-B751-189B8A08DF08}"
EndProject
Project("{FAE04EC0-301F-11D3-BF4B-00C04F79EFBC}") = "PL_REFERENCE", "PL_REFERENCE\PL_REFERENCE.csproj", "{2E6CFE4C-D1CA-4528-8D67-6D1963918930}"
EndProject
Project("{FAE04EC0-301F-11D3-BF4B-00C04F79EFBC}") = "PL_STOCK", "PL_STOCK\PL_STOCK.csproj", "{CAF7DC9F-ADC9-4CF1-842C-629869F91893}"
EndProject
Project("{FAE04EC0-301F-11D3-BF4B-00C04F79EFBC}") = "PL_USER", "PL_USER\PL_USER.csproj", "{DEBAC0BA-C551-4F42-96DD-6A32FB613345}"
EndProject
Global
	GlobalSection(SolutionConfigurationPlatforms) = preSolution
		Debug|Any CPU = Debug|Any CPU
		Debug|x64 = Debug|x64
		Debug|x86 = Debug|x86
		Release|Any CPU = Release|Any CPU
		Release|x64 = Release|x64
		Release|x86 = Release|x86
	EndGlobalSection
	GlobalSection(SolutionProperties) = preSolution
		HideSolutionNode = FALSE
	EndGlobalSection
	GlobalSection(ProjectConfigurationPlatforms) = postSolution
		{1C4A15C9-E437-4574-A44C-5EAC93AC023E}.Debug|Any CPU.ActiveCfg = Debug|Any CPU
		{1C4A15C9-E437-4574-A44C-5EAC93AC023E}.Debug|Any CPU.Build.0 = Debug|Any CPU
		{1C4A15C9-E437-4574-A44C-5EAC93AC023E}.Debug|x64.ActiveCfg = Debug|Any CPU
		{1C4A15C9-E437-4574-A44C-5EAC93AC023E}.Debug|x64.Build.0 = Debug|Any CPU
		{1C4A15C9-E437-4574-A44C-5EAC93AC023E}.Debug|x86.ActiveCfg = Debug|Any CPU
		{1C4A15C9-E437-4574-A44C-5EAC93AC023E}.Debug|x86.Build.0 = Debug|Any CPU
		{1C4A15C9-E437-4574-A44C-5EAC93AC023E}.Release|Any CPU.ActiveCfg = Release|Any CPU
		{1C4A15C9-E437-4574-A44C-5EAC93AC023E}.Release|Any CPU.Build.0 = Release|Any CPU
		{1C4A15C9-E437-4574-A44C-5EAC93AC023E}.Release|x64.ActiveCfg = Release|Any CPU
		{1C4A15C9-E437-4574-A44C-5EAC93AC023E}.Release|x64.Build.0 = Release|Any CPU
		{1C4A15C9-E437-4574-A44C-5EAC93AC023E}.Release|x86.ActiveCfg = Release|Any CPU
		{1C4A15C9-E437-4574-A44C-5EAC93AC023E}.Release|x86.Build.0 = Release|Any CPU
		{09B7BA06-7D1D-43CE-BE40-71CAE160E372}.Debug|Any CPU.ActiveCfg = Debug|Any CPU
		{09B7BA06-7D1D-43CE-BE40-71CAE160E372}.Debug|Any CPU.Build.0 = Debug|Any CPU
		{09B7BA06-7D1D-43CE-BE40-71CAE160E372}.Debug|x64.ActiveCfg = Debug|Any CPU
		{09B7BA06-7D1D-43CE-BE40-71CAE160E372}.Debug|x64.Build.0 = Debug|Any CPU
		{09B7BA06-7D1D-43CE-BE40-71CAE160E372}.Debug|x86.ActiveCfg = Debug|Any CPU
		{09B7BA06-7D1D-43CE-BE40-71CAE160E372}.Debug|x86.Build.0 = Debug|Any CPU
		{09B7BA06-7D1D-43CE-BE40-71CAE160E372}.Release|Any CPU.ActiveCfg = Release|Any CPU
		{09B7BA06-7D1D-43CE-BE40-71CAE160E372}.Release|Any CPU.Build.0 = Release|Any CPU
		{09B7BA06-7D1D-43CE-BE40-71CAE160E372}.Release|x64.ActiveCfg = Release|Any CPU
		{09B7BA06-7D1D-43CE-BE40-71CAE160E372}.Release|x64.Build.0 = Release|Any CPU
		{09B7BA06-7D1D-43CE-BE40-71CAE160E372}.Release|x86.ActiveCfg = Release|Any CPU
		{09B7BA06-7D1D-43CE-BE40-71CAE160E372}.Release|x86.Build.0 = Release|Any CPU
		{362B9C4E-8580-4DE5-B751-189B8A08DF08}.Debug|Any CPU.ActiveCfg = Debug|Any CPU
		{362B9C4E-8580-4DE5-B751-189B8A08DF08}.Debug|Any CPU.Build.0 = Debug|Any CPU
		{362B9C4E-8580-4DE5-B751-189B8A08DF08}.Debug|x64.ActiveCfg = Debug|Any CPU
		{362B9C4E-8580-4DE5-B751-189B8A08DF08}.Debug|x64.Build.0 = Debug|Any CPU
		{362B9C4E-8580-4DE5-B751-189B8A08DF08}.Debug|x86.ActiveCfg = Debug|Any CPU
		{362B9C4E-8580-4DE5-B751-189B8A08DF08}.Debug|x86.Build.0 = Debug|Any CPU
		{362B9C4E-8580-4DE5-B751-189B8A08DF08}.Release|Any CPU.ActiveCfg = Release|Any CPU
		{362B9C4E-8580-4DE5-B751-189B8A08DF08}.Release|Any CPU.Build.0 = Release|Any CPU
		{362B9C4E-8580-4DE5-B751-189B8A08DF08}.Release|x64.ActiveCfg = Release|Any CPU
		{362B9C4E-8580-4DE5-B751-189B8A08DF08}.Release|x64.Build.0 = Release|Any CPU
		{362B9C4E-8580-4DE5-B751-189B8A08DF08}.Release|x86.ActiveCfg = Release|Any CPU
		{362B9C4E-8580-4DE5-B751-189B8A08DF08}.Release|x86.Build.0 = Release|Any CPU
		{2E6CFE4C-D1CA-4528-8D67-6D1963918930}.Debug|Any CPU.ActiveCfg = Debug|Any CPU
		{2E6CFE4C-D1CA-4528-8D67-6D1963918930}.Debug|Any CPU.Build.0 = Debug|Any CPU
		{2E6CFE4C-D1CA-4528-8D67-6D1963918930}.Debug|x64.ActiveCfg = Debug|Any CPU
		{2E6CFE4C-D1CA-4528-8D67-6D1963918930}.Debug|x64.Build.0 = Debug|Any CPU
		{2E6CFE4C-D1CA-4528-8D67-6D1963918930}.Debug|x86.ActiveCfg = Debug|Any CPU
		{2E6CFE4C-D1CA-4528-8D67-6D1963918930}.Debug|x86.Build.0 = Debug|Any CPU
		{2E6CFE4C-D1CA-4528-8D67-6D1963918930}.Release|Any CPU.ActiveCfg = Release|Any CPU
		{2E6CFE4C-D1CA-4528-8D67-6D1963918930}.Release|Any CPU.Build.0 = Release|Any CPU
		{2E6CFE4C-D1CA-4528-8D67-6D1963918930}.Release|x64.ActiveCfg = Release|Any CPU
		{2E6CFE4C-D1CA-4528-8D67-6D1963918930}.Release|x64.Build.0 = Release|Any CPU
		{2E6CFE4C-D1CA-4528-8D67-6D1963918930}.Release|x86.ActiveCfg = Release|Any CPU
		{2E6CFE4C-D1CA-4528-8D67-6D1963918930}.Release|x86.Build.0 = Release|Any CPU
		{CAF7DC9F-ADC9-4CF1-842C-629869F91893}.Debug|Any CPU.ActiveCfg = Debug|Any CPU
		{CAF7DC9F-ADC9-4CF1-842C-629869F91893}.Debug|Any CPU.Build.0 = Debug|Any CPU
		{CAF7DC9F-ADC9-4CF1-842C-629869F91893}.Debug|x64.ActiveCfg = Debug|Any CPU
		{CAF7DC9F-ADC9-4CF1-842C-629869F91893}.Debug|x64.Build.0 = Debug|Any CPU
		{CAF7DC9F-ADC9-4CF1-842C-629869F91893}.Debug|x86.ActiveCfg = Debug|Any CPU
		{CAF7DC9F-ADC9-4CF1-842C-629869F91893}.Debug|x86.Build.0 = Debug|Any CPU
		{CAF7DC9F-ADC9-4CF1-842C-629869F91893}.Release|Any CPU.ActiveCfg = Release|Any CPU
		{CAF7DC9F-ADC9-4CF1-842C-629869F91893}.Release|Any CPU.Build.0 = Release|Any CPU
		{CAF7DC9F-ADC9-4CF1-842C-629869F91893}.Release|x64.ActiveCfg = Release|Any CPU
		{CAF7DC9F-ADC9-4CF1-842C-629869F91893}.Release|x64.Build.0 = Release|Any CPU
		{CAF7DC9F-ADC9-4CF1-842C-629869F91893}.Release|x86.ActiveCfg = Release|Any CPU
		{CAF7DC9F-ADC9-4CF1-842C-629869F91893}.Release|x86.Build.0 = Release|Any CPU
		{DEBAC0BA-C551-4F42-96DD-6A32FB613345}.Debug|Any CPU.ActiveCfg = Debug|Any CPU
		{DEBAC0BA-C551-4F42-96DD-6A32FB613345}.Debug|Any CPU.Build.0 = Debug|Any CPU
		{DEBAC0BA-C551-4F42-96DD-6A32FB613345}.Debug|x64.ActiveCfg = Debug|Any CPU
		{DEBAC0BA-C551-4F42-96DD-6A32FB613345}.Debug|x64.Build.0 = Debug|Any CPU
		{DEBAC0BA-C551-4F42-96DD-6A32FB613345}.Debug|x86.ActiveCfg = Debug|Any CPU
		{DEBAC0BA-C551-4F42-96DD-6A32FB613345}.Debug|x86.Build.0 = Debug|Any CPU
		{DEBAC0BA-C551-4F42-96DD-6A32FB613345}.Release|Any CPU.ActiveCfg = Release|Any CPU
		{DEBAC0BA-C551-4F42-96DD-6A32FB613345}.Release|Any CPU.Build.0 = Release|Any CPU
		{DEBAC0BA-C551-4F42-96DD-6A32FB613345}.Release|x64.ActiveCfg = Release|Any CPU
		{DEBAC0BA-C551-4F42-96DD-6A32FB613345}.Release|x64.Build.0 = Release|Any CPU
		{DEBAC0BA-C551-4F42-96DD-6A32FB613345}.Release|x86.ActiveCfg = Release|Any CPU
		{DEBAC0BA-C551-4F42-96DD-6A32FB613345}.Release|x86.Build.0 = Release|Any CPU
	EndGlobalSection
EndGlobal
